
Microsoft Visual Studio Solution File, Format Version 12.00
# Visual Studio Version 17
VisualStudioVersion = 17.13.35931.197
MinimumVisualStudioVersion = 10.0.40219.1
Project("{FAE04EC0-301F-11D3-BF4B-00C04F79EFBC}") = "Crud_App_dotNetWebAPI", "Crud_App_dotNetWebAPIApp\Crud_App_dotNetWebAPI.csproj", "{6213B922-6E3F-45BE-B71D-67B1196DEE4F}"
	ProjectSection(ProjectDependencies) = postProject
		{1A1334C6-BC8B-41F5-9A01-1DA05C3F40A3} = {1A1334C6-BC8B-41F5-9A01-1DA05C3F40A3}
		{618F5D71-DAF6-4072-B616-3E885F829D89} = {618F5D71-DAF6-4072-B616-3E885F829D89}
		{80A2AE12-EEED-4C89-B10B-F8F7D8AD1DC6} = {80A2AE12-EEED-4C89-B10B-F8F7D8AD1DC6}
	EndProjectSection
EndProject
Project("{FAE04EC0-301F-11D3-BF4B-00C04F79EFBC}") = "Crud_App_dotNetApplication", "Crud_App_dotNetApplication\Crud_App_dotNetApplication.csproj", "{80A2AE12-EEED-4C89-B10B-F8F7D8AD1DC6}"
	ProjectSection(ProjectDependencies) = postProject
		{1A1334C6-BC8B-41F5-9A01-1DA05C3F40A3} = {1A1334C6-BC8B-41F5-9A01-1DA05C3F40A3}
	EndProjectSection
EndProject
Project("{FAE04EC0-301F-11D3-BF4B-00C04F79EFBC}") = "Crud_App_dotNetCore", "Crud_App_dotNetCore\Crud_App_dotNetCore.csproj", "{1A1334C6-BC8B-41F5-9A01-1DA05C3F40A3}"
EndProject
Project("{FAE04EC0-301F-11D3-BF4B-00C04F79EFBC}") = "Crud_App_dotNetInfrastructure", "Crud_App_dotNetInfrastructure\Crud_App_dotNetInfrastructure.csproj", "{618F5D71-DAF6-4072-B616-3E885F829D89}"
	ProjectSection(ProjectDependencies) = postProject
		{1A1334C6-BC8B-41F5-9A01-1DA05C3F40A3} = {1A1334C6-BC8B-41F5-9A01-1DA05C3F40A3}
		{80A2AE12-EEED-4C89-B10B-F8F7D8AD1DC6} = {80A2AE12-EEED-4C89-B10B-F8F7D8AD1DC6}
	EndProjectSection
EndProject
Global
	GlobalSection(SolutionConfigurationPlatforms) = preSolution
		Debug|Any CPU = Debug|Any CPU
		Release|Any CPU = Release|Any CPU
	EndGlobalSection
	GlobalSection(ProjectConfigurationPlatforms) = postSolution
		{6213B922-6E3F-45BE-B71D-67B1196DEE4F}.Debug|Any CPU.ActiveCfg = Debug|Any CPU
		{6213B922-6E3F-45BE-B71D-67B1196DEE4F}.Debug|Any CPU.Build.0 = Debug|Any CPU
		{6213B922-6E3F-45BE-B71D-67B1196DEE4F}.Release|Any CPU.ActiveCfg = Release|Any CPU
		{6213B922-6E3F-45BE-B71D-67B1196DEE4F}.Release|Any CPU.Build.0 = Release|Any CPU
		{80A2AE12-EEED-4C89-B10B-F8F7D8AD1DC6}.Debug|Any CPU.ActiveCfg = Debug|Any CPU
		{80A2AE12-EEED-4C89-B10B-F8F7D8AD1DC6}.Debug|Any CPU.Build.0 = Debug|Any CPU
		{80A2AE12-EEED-4C89-B10B-F8F7D8AD1DC6}.Release|Any CPU.ActiveCfg = Release|Any CPU
		{80A2AE12-EEED-4C89-B10B-F8F7D8AD1DC6}.Release|Any CPU.Build.0 = Release|Any CPU
		{1A1334C6-BC8B-41F5-9A01-1DA05C3F40A3}.Debug|Any CPU.ActiveCfg = Debug|Any CPU
		{1A1334C6-BC8B-41F5-9A01-1DA05C3F40A3}.Debug|Any CPU.Build.0 = Debug|Any CPU
		{1A1334C6-BC8B-41F5-9A01-1DA05C3F40A3}.Release|Any CPU.ActiveCfg = Release|Any CPU
		{1A1334C6-BC8B-41F5-9A01-1DA05C3F40A3}.Release|Any CPU.Build.0 = Release|Any CPU
		{618F5D71-DAF6-4072-B616-3E885F829D89}.Debug|Any CPU.ActiveCfg = Debug|Any CPU
		{618F5D71-DAF6-4072-B616-3E885F829D89}.Debug|Any CPU.Build.0 = Debug|Any CPU
		{618F5D71-DAF6-4072-B616-3E885F829D89}.Release|Any CPU.ActiveCfg = Release|Any CPU
		{618F5D71-DAF6-4072-B616-3E885F829D89}.Release|Any CPU.Build.0 = Release|Any CPU
	EndGlobalSection
	GlobalSection(SolutionProperties) = preSolution
		HideSolutionNode = FALSE
	EndGlobalSection
	GlobalSection(ExtensibilityGlobals) = postSolution
		SolutionGuid = {C5723C55-4A61-482A-A8F3-F4F22A7BBBD5}
	EndGlobalSection
EndGlobal
